
Microsoft Visual Studio Solution File, Format Version 12.00
# Visual Studio Version 17
VisualStudioVersion = 17.12.35514.174
MinimumVisualStudioVersion = 10.0.40219.1
Project("{FAE04EC0-301F-11D3-BF4B-00C04F79EFBC}") = "P_Review.ApiMovie", "P_Review.ApiMovie.csproj", "{87A2DBA3-1551-41DB-9ABD-962C9E8535AA}"
EndProject
Project("{2150E333-8FDC-42A3-9474-1A3956D46DE8}") = "Backend", "Backend", "{F24006BE-8555-41ED-BE09-424558D8AC44}"
EndProject
Global
	GlobalSection(SolutionConfigurationPlatforms) = preSolution
		Debug|Any CPU = Debug|Any CPU
		Release|Any CPU = Release|Any CPU
	EndGlobalSection
	GlobalSection(ProjectConfigurationPlatforms) = postSolution
		{87A2DBA3-1551-41DB-9ABD-962C9E8535AA}.Debug|Any CPU.ActiveCfg = Debug|Any CPU
		{87A2DBA3-1551-41DB-9ABD-962C9E8535AA}.Debug|Any CPU.Build.0 = Debug|Any CPU
		{87A2DBA3-1551-41DB-9ABD-962C9E8535AA}.Release|Any CPU.ActiveCfg = Release|Any CPU
		{87A2DBA3-1551-41DB-9ABD-962C9E8535AA}.Release|Any CPU.Build.0 = Release|Any CPU
	EndGlobalSection
	GlobalSection(SolutionProperties) = preSolution
		HideSolutionNode = FALSE
	EndGlobalSection
	GlobalSection(NestedProjects) = preSolution
		{87A2DBA3-1551-41DB-9ABD-962C9E8535AA} = {F24006BE-8555-41ED-BE09-424558D8AC44}
	EndGlobalSection
EndGlobal
